
Microsoft Visual Studio Solution File, Format Version 12.00
# Visual Studio Version 16
VisualStudioVersion = 16.0.30011.22
MinimumVisualStudioVersion = 10.0.40219.1
Project("{FAE04EC0-301F-11D3-BF4B-00C04F79EFBC}") = "kalkulator", "kalkulator\kalkulator.csproj", "{07B90B30-253E-45C8-9238-653862430EE8}"
EndProject
Global
	GlobalSection(SolutionConfigurationPlatforms) = preSolution
		Debug|Any CPU = Debug|Any CPU
		Release|Any CPU = Release|Any CPU
	EndGlobalSection
	GlobalSection(ProjectConfigurationPlatforms) = postSolution
		{07B90B30-253E-45C8-9238-653862430EE8}.Debug|Any CPU.ActiveCfg = Debug|Any CPU
		{07B90B30-253E-45C8-9238-653862430EE8}.Debug|Any CPU.Build.0 = Debug|Any CPU
		{07B90B30-253E-45C8-9238-653862430EE8}.Release|Any CPU.ActiveCfg = Release|Any CPU
		{07B90B30-253E-45C8-9238-653862430EE8}.Release|Any CPU.Build.0 = Release|Any CPU
	EndGlobalSection
	GlobalSection(SolutionProperties) = preSolution
		HideSolutionNode = FALSE
	EndGlobalSection
	GlobalSection(ExtensibilityGlobals) = postSolution
		SolutionGuid = {AA9271F7-9896-4AAB-99D8-FD93035D6F9D}
	EndGlobalSection
EndGlobal
